<?xml version="1.0" encoding="utf-8"?>
<Project ToolsVersion="4.0" xmlns="http://schemas.microsoft.com/developer/msbuild/2003">
  <ItemGroup>
    <Filter Include="Headers">
      <UniqueIdentifier>{93995380-89BD-4b04-88EB-625FBE52EBFB}</UniqueIdentifier>
      <Extensions>h;hh;hpp;hxx;h++;hm;inl;inc;ipp;xsd</Extensions>
    </Filter>
    <Filter Include="Sources">
      <UniqueIdentifier>{4FC737F1-C7A5-4376-A066-2A32D752A2FF}</UniqueIdentifier>
      <Extensions>cpp;c;cc;cxx;c++;cppm;ixx;def;odl;idl;hpj;bat;asm;asmx</Extensions>
    </Filter>
    <Filter Include="Resources">
      <UniqueIdentifier>{67DA6AB6-F800-4c08-8B7A-83BB121AAD01}</UniqueIdentifier>
      <Extensions>rc;ico;cur;bmp;dlg;rc2;rct;bin;rgs;gif;jpg;jpeg;jpe;resx;tiff;tif;png;wav;mfcribbon-ms</Extensions>
    </Filter>
    <Filter Include="Headers\Scenes">
      <UniqueIdentifier>{769c973a-ec1b-4c55-9933-be3f2988eec7}</UniqueIdentifier>
    </Filter>
    <Filter Include="Sources\Scenes">
      <UniqueIdentifier>{d7b4df51-dca7-4172-a89a-c537249b450a}</UniqueIdentifier>
    </Filter>
  </ItemGroup>
  <ItemGroup>
    <ClCompile Include="main.cpp">
      <Filter>Sources</Filter>
    </ClCompile>
    <ClCompile Include="Exeption.cpp">
      <Filter>Sources</Filter>
    </ClCompile>
    <ClCompile Include="JevilBase.cpp">
      <Filter>Sources</Filter>
    </ClCompile>
    <ClCompile Include="JevilDance.cpp">
      <Filter>Sources</Filter>
    </ClCompile>
    <ClCompile Include="Context.cpp">
      <Filter>Sources</Filter>
    </ClCompile>
    <ClCompile Include="SceneMatrix.cpp">
      <Filter>Sources\Scenes</Filter>
    </ClCompile>
    <ClCompile Include="Scene.cpp">
      <Filter>Sources\Scenes</Filter>
    </ClCompile>
    <ClCompile Include="SceneJevil.cpp">
      <Filter>Sources\Scenes</Filter>
    </ClCompile>
  </ItemGroup>
  <ItemGroup>
    <ClInclude Include="Entity.hpp">
      <Filter>Headers</Filter>
    </ClInclude>
    <ClInclude Include="Context.hpp">
      <Filter>Headers</Filter>
    </ClInclude>
    <ClInclude Include="JevilDance.hpp">
      <Filter>Headers</Filter>
    </ClInclude>
    <ClInclude Include="Exeption.hpp">
      <Filter>Headers</Filter>
    </ClInclude>
    <ClInclude Include="Matrix.hpp">
      <Filter>Headers</Filter>
    </ClInclude>
    <ClInclude Include="main.hpp">
      <Filter>Headers</Filter>
    </ClInclude>
    <ClInclude Include="Creator.hpp">
      <Filter>Headers</Filter>
    </ClInclude>
    <ClInclude Include="Scene.hpp">
      <Filter>Headers\Scenes</Filter>
    </ClInclude>
    <ClInclude Include="SceneJevil.hpp">
      <Filter>Headers\Scenes</Filter>
    </ClInclude>
    <ClInclude Include="SceneMatrix.hpp">
      <Filter>Headers\Scenes</Filter>
    </ClInclude>
    <ClInclude Include="SceneMinecraft.hpp">
      <Filter>Headers\Scenes</Filter>
    </ClInclude>
  </ItemGroup>
  <ItemGroup>
    <None Include="cpp.hint" />
  </ItemGroup>
  <ItemGroup>
    <ResourceCompile Include="Strange.rc">
      <Filter>Resources</Filter>
    </ResourceCompile>
  </ItemGroup>
</Project>